
Microsoft Visual Studio Solution File, Format Version 12.00
# Visual Studio Version 17
VisualStudioVersion = 17.0.31903.59
MinimumVisualStudioVersion = 10.0.40219.1
Project("{FAE04EC0-301F-11D3-BF4B-00C04F79EFBC}") = "MyFirstProgram", "MyFirstProgram\MyFirstProgram.csproj", "{7F88CB2C-51A5-4994-A1AF-3BB0A4FF9F42}"
EndProject
Global
	GlobalSection(SolutionConfigurationPlatforms) = preSolution
		Debug|Any CPU = Debug|Any CPU
		Release|Any CPU = Release|Any CPU
	EndGlobalSection
	GlobalSection(SolutionProperties) = preSolution
		HideSolutionNode = FALSE
	EndGlobalSection
	GlobalSection(ProjectConfigurationPlatforms) = postSolution
		{7F88CB2C-51A5-4994-A1AF-3BB0A4FF9F42}.Debug|Any CPU.ActiveCfg = Debug|Any CPU
		{7F88CB2C-51A5-4994-A1AF-3BB0A4FF9F42}.Debug|Any CPU.Build.0 = Debug|Any CPU
		{7F88CB2C-51A5-4994-A1AF-3BB0A4FF9F42}.Release|Any CPU.ActiveCfg = Release|Any CPU
		{7F88CB2C-51A5-4994-A1AF-3BB0A4FF9F42}.Release|Any CPU.Build.0 = Release|Any CPU
	EndGlobalSection
EndGlobal
